
Microsoft Visual Studio Solution File, Format Version 12.00
# Visual Studio Version 16
VisualStudioVersion = 16.0.30413.136
MinimumVisualStudioVersion = 10.0.40219.1
Project("{FAE04EC0-301F-11D3-BF4B-00C04F79EFBC}") = "Pregunta2", "Pregunta2\Pregunta2.csproj", "{B895895D-14BB-4D35-874B-754468A1EB46}"
EndProject
Project("{FAE04EC0-301F-11D3-BF4B-00C04F79EFBC}") = "Pregunta2.Tests", "Pregunta2.Tests\Pregunta2.Tests.csproj", "{D3B796A8-781C-4C81-8ACF-C99E20CCB689}"
EndProject
Global
	GlobalSection(SolutionConfigurationPlatforms) = preSolution
		Debug|Any CPU = Debug|Any CPU
		Release|Any CPU = Release|Any CPU
	EndGlobalSection
	GlobalSection(ProjectConfigurationPlatforms) = postSolution
		{B895895D-14BB-4D35-874B-754468A1EB46}.Debug|Any CPU.ActiveCfg = Debug|Any CPU
		{B895895D-14BB-4D35-874B-754468A1EB46}.Debug|Any CPU.Build.0 = Debug|Any CPU
		{B895895D-14BB-4D35-874B-754468A1EB46}.Release|Any CPU.ActiveCfg = Release|Any CPU
		{B895895D-14BB-4D35-874B-754468A1EB46}.Release|Any CPU.Build.0 = Release|Any CPU
		{D3B796A8-781C-4C81-8ACF-C99E20CCB689}.Debug|Any CPU.ActiveCfg = Debug|Any CPU
		{D3B796A8-781C-4C81-8ACF-C99E20CCB689}.Debug|Any CPU.Build.0 = Debug|Any CPU
		{D3B796A8-781C-4C81-8ACF-C99E20CCB689}.Release|Any CPU.ActiveCfg = Release|Any CPU
		{D3B796A8-781C-4C81-8ACF-C99E20CCB689}.Release|Any CPU.Build.0 = Release|Any CPU
	EndGlobalSection
	GlobalSection(SolutionProperties) = preSolution
		HideSolutionNode = FALSE
	EndGlobalSection
	GlobalSection(ExtensibilityGlobals) = postSolution
		SolutionGuid = {12D71972-DE3F-432B-9204-CF75DDF435B2}
	EndGlobalSection
EndGlobal
